// !$*UTF8*$!
{
	archiveVersion = 1;
	classes = {
	};
	objectVersion = 56;
	objects = {

/* Begin PBXBuildFile section */
		3F0CDD8F2C580FA8000A498D /* ContentViewModel.swift in Sources */ = {isa = PBXBuildFile; fileRef = 3F0CDD8E2C580FA8000A498D /* ContentViewModel.swift */; };
		3F0CDD912C581132000A498D /* LoginViewModel.swift in Sources */ = {isa = PBXBuildFile; fileRef = 3F0CDD902C581132000A498D /* LoginViewModel.swift */; };
		3F0CDD932C591813000A498D /* User.swift in Sources */ = {isa = PBXBuildFile; fileRef = 3F0CDD922C591813000A498D /* User.swift */; };
		3F0CDD952C591B32000A498D /* UserService.swift in Sources */ = {isa = PBXBuildFile; fileRef = 3F0CDD942C591B32000A498D /* UserService.swift */; };
		3F0CDD982C591D07000A498D /* CurrentUserProfileViewModel.swift in Sources */ = {isa = PBXBuildFile; fileRef = 3F0CDD972C591D07000A498D /* CurrentUserProfileViewModel.swift */; };
		3F209A852C55FC0400C441F5 /* ThreadCell.swift in Sources */ = {isa = PBXBuildFile; fileRef = 3F209A842C55FC0400C441F5 /* ThreadCell.swift */; };
		3F209A882C56065600C441F5 /* ProfileImageView.swift in Sources */ = {isa = PBXBuildFile; fileRef = 3F209A872C56065600C441F5 /* ProfileImageView.swift */; };
		3F209A8A2C56075A00C441F5 /* UserCell.swift in Sources */ = {isa = PBXBuildFile; fileRef = 3F209A892C56075A00C441F5 /* UserCell.swift */; };
		3F209A8D2C568BA800C441F5 /* ProfileThreadFilter.swift in Sources */ = {isa = PBXBuildFile; fileRef = 3F209A8C2C568BA800C441F5 /* ProfileThreadFilter.swift */; };
		3F7275DC2C59FF990075C1A9 /* ExploreViewModel.swift in Sources */ = {isa = PBXBuildFile; fileRef = 3F7275DB2C59FF990075C1A9 /* ExploreViewModel.swift */; };
		3F7275DE2C5A00EE0075C1A9 /* PreviewProvider.swift in Sources */ = {isa = PBXBuildFile; fileRef = 3F7275DD2C5A00EE0075C1A9 /* PreviewProvider.swift */; };
		3F833A4D2C5697290033E626 /* EditProfieView.swift in Sources */ = {isa = PBXBuildFile; fileRef = 3F833A4C2C5697290033E626 /* EditProfieView.swift */; };
		3F833A4F2C5774340033E626 /* GoogleService-Info.plist in Resources */ = {isa = PBXBuildFile; fileRef = 3F833A4E2C5774340033E626 /* GoogleService-Info.plist */; };
		3F833A522C5774DB0033E626 /* FirebaseAnalytics in Frameworks */ = {isa = PBXBuildFile; productRef = 3F833A512C5774DB0033E626 /* FirebaseAnalytics */; };
		3F833A542C5774DB0033E626 /* FirebaseAnalyticsOnDeviceConversion in Frameworks */ = {isa = PBXBuildFile; productRef = 3F833A532C5774DB0033E626 /* FirebaseAnalyticsOnDeviceConversion */; };
		3F833A562C5774DB0033E626 /* FirebaseAnalyticsSwift in Frameworks */ = {isa = PBXBuildFile; productRef = 3F833A552C5774DB0033E626 /* FirebaseAnalyticsSwift */; };
		3F833A582C5774DB0033E626 /* FirebaseAnalyticsWithoutAdIdSupport in Frameworks */ = {isa = PBXBuildFile; productRef = 3F833A572C5774DB0033E626 /* FirebaseAnalyticsWithoutAdIdSupport */; };
		3F833A5A2C5774DB0033E626 /* FirebaseAppCheck in Frameworks */ = {isa = PBXBuildFile; productRef = 3F833A592C5774DB0033E626 /* FirebaseAppCheck */; };
		3F833A5C2C5774DB0033E626 /* FirebaseAppDistribution-Beta in Frameworks */ = {isa = PBXBuildFile; productRef = 3F833A5B2C5774DB0033E626 /* FirebaseAppDistribution-Beta */; };
		3F833A5E2C5774DB0033E626 /* FirebaseAuth in Frameworks */ = {isa = PBXBuildFile; productRef = 3F833A5D2C5774DB0033E626 /* FirebaseAuth */; };
		3F833A602C5774DB0033E626 /* FirebaseAuthCombine-Community in Frameworks */ = {isa = PBXBuildFile; productRef = 3F833A5F2C5774DB0033E626 /* FirebaseAuthCombine-Community */; };
		3F833A622C5774DB0033E626 /* FirebaseCrashlytics in Frameworks */ = {isa = PBXBuildFile; productRef = 3F833A612C5774DB0033E626 /* FirebaseCrashlytics */; };
		3F833A642C5774DB0033E626 /* FirebaseDatabase in Frameworks */ = {isa = PBXBuildFile; productRef = 3F833A632C5774DB0033E626 /* FirebaseDatabase */; };
		3F833A662C5774DB0033E626 /* FirebaseDatabaseSwift in Frameworks */ = {isa = PBXBuildFile; productRef = 3F833A652C5774DB0033E626 /* FirebaseDatabaseSwift */; };
		3F833A682C5774DB0033E626 /* FirebaseDynamicLinks in Frameworks */ = {isa = PBXBuildFile; productRef = 3F833A672C5774DB0033E626 /* FirebaseDynamicLinks */; };
		3F833A6A2C5774DB0033E626 /* FirebaseFirestore in Frameworks */ = {isa = PBXBuildFile; productRef = 3F833A692C5774DB0033E626 /* FirebaseFirestore */; };
		3F833A6C2C5774DB0033E626 /* FirebaseFirestoreCombine-Community in Frameworks */ = {isa = PBXBuildFile; productRef = 3F833A6B2C5774DB0033E626 /* FirebaseFirestoreCombine-Community */; };
		3F833A6E2C5774DB0033E626 /* FirebaseFirestoreSwift in Frameworks */ = {isa = PBXBuildFile; productRef = 3F833A6D2C5774DB0033E626 /* FirebaseFirestoreSwift */; };
		3F833A702C5774DB0033E626 /* FirebaseFunctions in Frameworks */ = {isa = PBXBuildFile; productRef = 3F833A6F2C5774DB0033E626 /* FirebaseFunctions */; };
		3F833A722C5774DB0033E626 /* FirebaseFunctionsCombine-Community in Frameworks */ = {isa = PBXBuildFile; productRef = 3F833A712C5774DB0033E626 /* FirebaseFunctionsCombine-Community */; };
		3F833A742C5774DB0033E626 /* FirebaseInAppMessaging-Beta in Frameworks */ = {isa = PBXBuildFile; productRef = 3F833A732C5774DB0033E626 /* FirebaseInAppMessaging-Beta */; };
		3F833A762C5774DB0033E626 /* FirebaseInAppMessagingSwift-Beta in Frameworks */ = {isa = PBXBuildFile; productRef = 3F833A752C5774DB0033E626 /* FirebaseInAppMessagingSwift-Beta */; };
		3F833A782C5774DB0033E626 /* FirebaseInstallations in Frameworks */ = {isa = PBXBuildFile; productRef = 3F833A772C5774DB0033E626 /* FirebaseInstallations */; };
		3F833A7A2C5774DB0033E626 /* FirebaseMLModelDownloader in Frameworks */ = {isa = PBXBuildFile; productRef = 3F833A792C5774DB0033E626 /* FirebaseMLModelDownloader */; };
		3F833A7C2C5774DB0033E626 /* FirebaseMessaging in Frameworks */ = {isa = PBXBuildFile; productRef = 3F833A7B2C5774DB0033E626 /* FirebaseMessaging */; };
		3F833A7E2C5774DB0033E626 /* FirebasePerformance in Frameworks */ = {isa = PBXBuildFile; productRef = 3F833A7D2C5774DB0033E626 /* FirebasePerformance */; };
		3F833A802C5774DB0033E626 /* FirebaseRemoteConfig in Frameworks */ = {isa = PBXBuildFile; productRef = 3F833A7F2C5774DB0033E626 /* FirebaseRemoteConfig */; };
		3F833A822C5774DB0033E626 /* FirebaseRemoteConfigSwift in Frameworks */ = {isa = PBXBuildFile; productRef = 3F833A812C5774DB0033E626 /* FirebaseRemoteConfigSwift */; };
		3F833A842C5774DB0033E626 /* FirebaseStorage in Frameworks */ = {isa = PBXBuildFile; productRef = 3F833A832C5774DB0033E626 /* FirebaseStorage */; };
		3F833A862C5774DB0033E626 /* FirebaseStorageCombine-Community in Frameworks */ = {isa = PBXBuildFile; productRef = 3F833A852C5774DB0033E626 /* FirebaseStorageCombine-Community */; };
		3F833A882C5774DB0033E626 /* FirebaseVertexAI-Preview in Frameworks */ = {isa = PBXBuildFile; productRef = 3F833A872C5774DB0033E626 /* FirebaseVertexAI-Preview */; };
		3F833A8C2C577E200033E626 /* RegistrationViewModel.swift in Sources */ = {isa = PBXBuildFile; fileRef = 3F833A8B2C577E200033E626 /* RegistrationViewModel.swift */; };
		3F833A8E2C577EE10033E626 /* AuthService.swift in Sources */ = {isa = PBXBuildFile; fileRef = 3F833A8D2C577EE10033E626 /* AuthService.swift */; };
		3FB6692A2C5A0F32000F65A0 /* CurrentUserProfileView.swift in Sources */ = {isa = PBXBuildFile; fileRef = 3FB669292C5A0F32000F65A0 /* CurrentUserProfileView.swift */; };
		3FB6692D2C5A10AC000F65A0 /* ProfileHeaderView.swift in Sources */ = {isa = PBXBuildFile; fileRef = 3FB6692C2C5A10AC000F65A0 /* ProfileHeaderView.swift */; };
		3FB6692F2C5A1151000F65A0 /* UserContentListView.swift in Sources */ = {isa = PBXBuildFile; fileRef = 3FB6692E2C5A1151000F65A0 /* UserContentListView.swift */; };
		3FB669332C5A3151000F65A0 /* EditProfieViewModel.swift in Sources */ = {isa = PBXBuildFile; fileRef = 3FB669322C5A3151000F65A0 /* EditProfieViewModel.swift */; };
		3FB669352C5A333E000F65A0 /* ImageUploader.swift in Sources */ = {isa = PBXBuildFile; fileRef = 3FB669342C5A333E000F65A0 /* ImageUploader.swift */; };
		3FCB97DC2C53E57700971CD9 /* ThreadsCloneApp.swift in Sources */ = {isa = PBXBuildFile; fileRef = 3FCB97DB2C53E57700971CD9 /* ThreadsCloneApp.swift */; };
		3FCB97DE2C53E57700971CD9 /* ContentView.swift in Sources */ = {isa = PBXBuildFile; fileRef = 3FCB97DD2C53E57700971CD9 /* ContentView.swift */; };
		3FCB97E02C53E57900971CD9 /* Assets.xcassets in Resources */ = {isa = PBXBuildFile; fileRef = 3FCB97DF2C53E57900971CD9 /* Assets.xcassets */; };
		3FCB97E32C53E57900971CD9 /* Preview Assets.xcassets in Resources */ = {isa = PBXBuildFile; fileRef = 3FCB97E22C53E57900971CD9 /* Preview Assets.xcassets */; };
		3FCB97F52C53E65A00971CD9 /* LoginView.swift in Sources */ = {isa = PBXBuildFile; fileRef = 3FCB97F42C53E65A00971CD9 /* LoginView.swift */; };
		3FCB97F72C54DAC000971CD9 /* TextFieldViewModifier.swift in Sources */ = {isa = PBXBuildFile; fileRef = 3FCB97F62C54DAC000971CD9 /* TextFieldViewModifier.swift */; };
		3FCB97F92C54DB8D00971CD9 /* RegistrationView.swift in Sources */ = {isa = PBXBuildFile; fileRef = 3FCB97F82C54DB8D00971CD9 /* RegistrationView.swift */; };
		3FCB97FC2C54F72500971CD9 /* TabBarView.swift in Sources */ = {isa = PBXBuildFile; fileRef = 3FCB97FB2C54F72500971CD9 /* TabBarView.swift */; };
		3FCB97FF2C55F76100971CD9 /* FeedView.swift in Sources */ = {isa = PBXBuildFile; fileRef = 3FCB97FE2C55F76100971CD9 /* FeedView.swift */; };
		3FCB98042C55F78800971CD9 /* ExploreView.swift in Sources */ = {isa = PBXBuildFile; fileRef = 3FCB98032C55F78800971CD9 /* ExploreView.swift */; };
		3FCB98082C55F7A800971CD9 /* ActivityView.swift in Sources */ = {isa = PBXBuildFile; fileRef = 3FCB98072C55F7A800971CD9 /* ActivityView.swift */; };
		3FCB980C2C55F7F900971CD9 /* ProfileView.swift in Sources */ = {isa = PBXBuildFile; fileRef = 3FCB980B2C55F7F900971CD9 /* ProfileView.swift */; };
		3FCB98102C55F81400971CD9 /* CreateThreadView.swift in Sources */ = {isa = PBXBuildFile; fileRef = 3FCB980F2C55F81400971CD9 /* CreateThreadView.swift */; };
/* End PBXBuildFile section */

/* Begin PBXFileReference section */
		3F0CDD8E2C580FA8000A498D /* ContentViewModel.swift */ = {isa = PBXFileReference; lastKnownFileType = sourcecode.swift; path = ContentViewModel.swift; sourceTree = "<group>"; };
		3F0CDD902C581132000A498D /* LoginViewModel.swift */ = {isa = PBXFileReference; lastKnownFileType = sourcecode.swift; path = LoginViewModel.swift; sourceTree = "<group>"; };
		3F0CDD922C591813000A498D /* User.swift */ = {isa = PBXFileReference; lastKnownFileType = sourcecode.swift; path = User.swift; sourceTree = "<group>"; };
		3F0CDD942C591B32000A498D /* UserService.swift */ = {isa = PBXFileReference; lastKnownFileType = sourcecode.swift; path = UserService.swift; sourceTree = "<group>"; };
		3F0CDD972C591D07000A498D /* CurrentUserProfileViewModel.swift */ = {isa = PBXFileReference; lastKnownFileType = sourcecode.swift; path = CurrentUserProfileViewModel.swift; sourceTree = "<group>"; };
		3F209A842C55FC0400C441F5 /* ThreadCell.swift */ = {isa = PBXFileReference; lastKnownFileType = sourcecode.swift; path = ThreadCell.swift; sourceTree = "<group>"; };
		3F209A872C56065600C441F5 /* ProfileImageView.swift */ = {isa = PBXFileReference; lastKnownFileType = sourcecode.swift; path = ProfileImageView.swift; sourceTree = "<group>"; };
		3F209A892C56075A00C441F5 /* UserCell.swift */ = {isa = PBXFileReference; lastKnownFileType = sourcecode.swift; path = UserCell.swift; sourceTree = "<group>"; };
		3F209A8C2C568BA800C441F5 /* ProfileThreadFilter.swift */ = {isa = PBXFileReference; lastKnownFileType = sourcecode.swift; path = ProfileThreadFilter.swift; sourceTree = "<group>"; };
		3F7275DB2C59FF990075C1A9 /* ExploreViewModel.swift */ = {isa = PBXFileReference; lastKnownFileType = sourcecode.swift; path = ExploreViewModel.swift; sourceTree = "<group>"; };
		3F7275DD2C5A00EE0075C1A9 /* PreviewProvider.swift */ = {isa = PBXFileReference; lastKnownFileType = sourcecode.swift; path = PreviewProvider.swift; sourceTree = "<group>"; };
		3F833A4C2C5697290033E626 /* EditProfieView.swift */ = {isa = PBXFileReference; lastKnownFileType = sourcecode.swift; path = EditProfieView.swift; sourceTree = "<group>"; };
		3F833A4E2C5774340033E626 /* GoogleService-Info.plist */ = {isa = PBXFileReference; fileEncoding = 4; lastKnownFileType = text.plist.xml; path = "GoogleService-Info.plist"; sourceTree = "<group>"; };
		3F833A8B2C577E200033E626 /* RegistrationViewModel.swift */ = {isa = PBXFileReference; lastKnownFileType = sourcecode.swift; path = RegistrationViewModel.swift; sourceTree = "<group>"; };
		3F833A8D2C577EE10033E626 /* AuthService.swift */ = {isa = PBXFileReference; lastKnownFileType = sourcecode.swift; path = AuthService.swift; sourceTree = "<group>"; };
		3FB669292C5A0F32000F65A0 /* CurrentUserProfileView.swift */ = {isa = PBXFileReference; lastKnownFileType = sourcecode.swift; path = CurrentUserProfileView.swift; sourceTree = "<group>"; };
		3FB6692C2C5A10AC000F65A0 /* ProfileHeaderView.swift */ = {isa = PBXFileReference; lastKnownFileType = sourcecode.swift; path = ProfileHeaderView.swift; sourceTree = "<group>"; };
		3FB6692E2C5A1151000F65A0 /* UserContentListView.swift */ = {isa = PBXFileReference; lastKnownFileType = sourcecode.swift; path = UserContentListView.swift; sourceTree = "<group>"; };
		3FB669322C5A3151000F65A0 /* EditProfieViewModel.swift */ = {isa = PBXFileReference; lastKnownFileType = sourcecode.swift; path = EditProfieViewModel.swift; sourceTree = "<group>"; };
		3FB669342C5A333E000F65A0 /* ImageUploader.swift */ = {isa = PBXFileReference; lastKnownFileType = sourcecode.swift; path = ImageUploader.swift; sourceTree = "<group>"; };
		3FCB97D82C53E57700971CD9 /* ThreadsClone.app */ = {isa = PBXFileReference; explicitFileType = wrapper.application; includeInIndex = 0; path = ThreadsClone.app; sourceTree = BUILT_PRODUCTS_DIR; };
		3FCB97DB2C53E57700971CD9 /* ThreadsCloneApp.swift */ = {isa = PBXFileReference; lastKnownFileType = sourcecode.swift; path = ThreadsCloneApp.swift; sourceTree = "<group>"; };
		3FCB97DD2C53E57700971CD9 /* ContentView.swift */ = {isa = PBXFileReference; lastKnownFileType = sourcecode.swift; path = ContentView.swift; sourceTree = "<group>"; };
		3FCB97DF2C53E57900971CD9 /* Assets.xcassets */ = {isa = PBXFileReference; lastKnownFileType = folder.assetcatalog; path = Assets.xcassets; sourceTree = "<group>"; };
		3FCB97E22C53E57900971CD9 /* Preview Assets.xcassets */ = {isa = PBXFileReference; lastKnownFileType = folder.assetcatalog; path = "Preview Assets.xcassets"; sourceTree = "<group>"; };
		3FCB97F42C53E65A00971CD9 /* LoginView.swift */ = {isa = PBXFileReference; lastKnownFileType = sourcecode.swift; path = LoginView.swift; sourceTree = "<group>"; };
		3FCB97F62C54DAC000971CD9 /* TextFieldViewModifier.swift */ = {isa = PBXFileReference; lastKnownFileType = sourcecode.swift; path = TextFieldViewModifier.swift; sourceTree = "<group>"; };
		3FCB97F82C54DB8D00971CD9 /* RegistrationView.swift */ = {isa = PBXFileReference; lastKnownFileType = sourcecode.swift; path = RegistrationView.swift; sourceTree = "<group>"; };
		3FCB97FB2C54F72500971CD9 /* TabBarView.swift */ = {isa = PBXFileReference; lastKnownFileType = sourcecode.swift; path = TabBarView.swift; sourceTree = "<group>"; };
		3FCB97FE2C55F76100971CD9 /* FeedView.swift */ = {isa = PBXFileReference; lastKnownFileType = sourcecode.swift; path = FeedView.swift; sourceTree = "<group>"; };
		3FCB98032C55F78800971CD9 /* ExploreView.swift */ = {isa = PBXFileReference; lastKnownFileType = sourcecode.swift; path = ExploreView.swift; sourceTree = "<group>"; };
		3FCB98072C55F7A800971CD9 /* ActivityView.swift */ = {isa = PBXFileReference; lastKnownFileType = sourcecode.swift; path = ActivityView.swift; sourceTree = "<group>"; };
		3FCB980B2C55F7F900971CD9 /* ProfileView.swift */ = {isa = PBXFileReference; lastKnownFileType = sourcecode.swift; path = ProfileView.swift; sourceTree = "<group>"; };
		3FCB980F2C55F81400971CD9 /* CreateThreadView.swift */ = {isa = PBXFileReference; lastKnownFileType = sourcecode.swift; path = CreateThreadView.swift; sourceTree = "<group>"; };
/* End PBXFileReference section */

/* Begin PBXFrameworksBuildPhase section */
		3FCB97D52C53E57700971CD9 /* Frameworks */ = {
			isa = PBXFrameworksBuildPhase;
			buildActionMask = 2147483647;
			files = (
				3F833A642C5774DB0033E626 /* FirebaseDatabase in Frameworks */,
				3F833A722C5774DB0033E626 /* FirebaseFunctionsCombine-Community in Frameworks */,
				3F833A6A2C5774DB0033E626 /* FirebaseFirestore in Frameworks */,
				3F833A562C5774DB0033E626 /* FirebaseAnalyticsSwift in Frameworks */,
				3F833A522C5774DB0033E626 /* FirebaseAnalytics in Frameworks */,
				3F833A542C5774DB0033E626 /* FirebaseAnalyticsOnDeviceConversion in Frameworks */,
				3F833A7A2C5774DB0033E626 /* FirebaseMLModelDownloader in Frameworks */,
				3F833A6E2C5774DB0033E626 /* FirebaseFirestoreSwift in Frameworks */,
				3F833A5A2C5774DB0033E626 /* FirebaseAppCheck in Frameworks */,
				3F833A582C5774DB0033E626 /* FirebaseAnalyticsWithoutAdIdSupport in Frameworks */,
				3F833A5E2C5774DB0033E626 /* FirebaseAuth in Frameworks */,
				3F833A622C5774DB0033E626 /* FirebaseCrashlytics in Frameworks */,
				3F833A822C5774DB0033E626 /* FirebaseRemoteConfigSwift in Frameworks */,
				3F833A742C5774DB0033E626 /* FirebaseInAppMessaging-Beta in Frameworks */,
				3F833A662C5774DB0033E626 /* FirebaseDatabaseSwift in Frameworks */,
				3F833A702C5774DB0033E626 /* FirebaseFunctions in Frameworks */,
				3F833A862C5774DB0033E626 /* FirebaseStorageCombine-Community in Frameworks */,
				3F833A802C5774DB0033E626 /* FirebaseRemoteConfig in Frameworks */,
				3F833A5C2C5774DB0033E626 /* FirebaseAppDistribution-Beta in Frameworks */,
				3F833A602C5774DB0033E626 /* FirebaseAuthCombine-Community in Frameworks */,
				3F833A7E2C5774DB0033E626 /* FirebasePerformance in Frameworks */,
				3F833A762C5774DB0033E626 /* FirebaseInAppMessagingSwift-Beta in Frameworks */,
				3F833A842C5774DB0033E626 /* FirebaseStorage in Frameworks */,
				3F833A682C5774DB0033E626 /* FirebaseDynamicLinks in Frameworks */,
				3F833A882C5774DB0033E626 /* FirebaseVertexAI-Preview in Frameworks */,
				3F833A6C2C5774DB0033E626 /* FirebaseFirestoreCombine-Community in Frameworks */,
				3F833A7C2C5774DB0033E626 /* FirebaseMessaging in Frameworks */,
				3F833A782C5774DB0033E626 /* FirebaseInstallations in Frameworks */,
			);
			runOnlyForDeploymentPostprocessing = 0;
		};
/* End PBXFrameworksBuildPhase section */

/* Begin PBXGroup section */
		3F0CDD8D2C580F92000A498D /* ViewModel */ = {
			isa = PBXGroup;
			children = (
				3F0CDD8E2C580FA8000A498D /* ContentViewModel.swift */,
			);
			path = ViewModel;
			sourceTree = "<group>";
		};
		3F0CDD992C59FE90000A498D /* ExploreViewModel */ = {
			isa = PBXGroup;
			children = (
				3F7275DB2C59FF990075C1A9 /* ExploreViewModel.swift */,
			);
			path = ExploreViewModel;
			sourceTree = "<group>";
		};
		3F209A862C56063D00C441F5 /* Components */ = {
			isa = PBXGroup;
			children = (
				3F209A872C56065600C441F5 /* ProfileImageView.swift */,
				3F209A892C56075A00C441F5 /* UserCell.swift */,
			);
			path = Components;
			sourceTree = "<group>";
		};
		3F209A8B2C568B6700C441F5 /* Models */ = {
			isa = PBXGroup;
			children = (
				3F209A8C2C568BA800C441F5 /* ProfileThreadFilter.swift */,
				3F0CDD922C591813000A498D /* User.swift */,
			);
			path = Models;
			sourceTree = "<group>";
		};
		3F833A4A2C56951D0033E626 /* EditProfile */ = {
			isa = PBXGroup;
			children = (
				3FB669312C5A3140000F65A0 /* ViewModel */,
				3F833A4B2C56971E0033E626 /* Views */,
			);
			path = EditProfile;
			sourceTree = "<group>";
		};
		3F833A4B2C56971E0033E626 /* Views */ = {
			isa = PBXGroup;
			children = (
				3F833A4C2C5697290033E626 /* EditProfieView.swift */,
			);
			path = Views;
			sourceTree = "<group>";
		};
		3F833A892C577E020033E626 /* ViewModel */ = {
			isa = PBXGroup;
			children = (
				3F833A8B2C577E200033E626 /* RegistrationViewModel.swift */,
				3F0CDD902C581132000A498D /* LoginViewModel.swift */,
			);
			path = ViewModel;
			sourceTree = "<group>";
		};
		3F833A8A2C577E0A0033E626 /* Service */ = {
			isa = PBXGroup;
			children = (
				3F833A8D2C577EE10033E626 /* AuthService.swift */,
			);
			path = Service;
			sourceTree = "<group>";
		};
		3F833A8F2C580E9F0033E626 /* Views */ = {
			isa = PBXGroup;
			children = (
				3FCB97DD2C53E57700971CD9 /* ContentView.swift */,
			);
			path = Views;
			sourceTree = "<group>";
		};
		3FB669262C5A0ECF000F65A0 /* CurrentUserProfileView */ = {
			isa = PBXGroup;
			children = (
				3FB669282C5A0EF2000F65A0 /* ViewModel */,
				3FB669272C5A0EE5000F65A0 /* View */,
			);
			path = CurrentUserProfileView;
			sourceTree = "<group>";
		};
		3FB669272C5A0EE5000F65A0 /* View */ = {
			isa = PBXGroup;
			children = (
				3FB669292C5A0F32000F65A0 /* CurrentUserProfileView.swift */,
			);
			path = View;
			sourceTree = "<group>";
		};
		3FB669282C5A0EF2000F65A0 /* ViewModel */ = {
			isa = PBXGroup;
			children = (
				3F0CDD972C591D07000A498D /* CurrentUserProfileViewModel.swift */,
			);
			path = ViewModel;
			sourceTree = "<group>";
		};
		3FB6692B2C5A109E000F65A0 /* Components */ = {
			isa = PBXGroup;
			children = (
				3FB6692C2C5A10AC000F65A0 /* ProfileHeaderView.swift */,
				3FB6692E2C5A1151000F65A0 /* UserContentListView.swift */,
			);
			path = Components;
			sourceTree = "<group>";
		};
		3FB669312C5A3140000F65A0 /* ViewModel */ = {
			isa = PBXGroup;
			children = (
				3FB669322C5A3151000F65A0 /* EditProfieViewModel.swift */,
			);
			path = ViewModel;
			sourceTree = "<group>";
		};
		3FCB97CF2C53E57700971CD9 = {
			isa = PBXGroup;
			children = (
				3FCB97DA2C53E57700971CD9 /* ThreadsClone */,
				3F833A4E2C5774340033E626 /* GoogleService-Info.plist */,
				3FCB97DF2C53E57900971CD9 /* Assets.xcassets */,
				3FCB97D92C53E57700971CD9 /* Products */,
			);
			sourceTree = "<group>";
		};
		3FCB97D92C53E57700971CD9 /* Products */ = {
			isa = PBXGroup;
			children = (
				3FCB97D82C53E57700971CD9 /* ThreadsClone.app */,
			);
			name = Products;
			sourceTree = "<group>";
		};
		3FCB97DA2C53E57700971CD9 /* ThreadsClone */ = {
			isa = PBXGroup;
			children = (
				3FCB97E92C53E58000971CD9 /* App */,
				3FCB97EA2C53E58600971CD9 /* Core */,
				3FCB97EB2C53E59200971CD9 /* Extensions */,
				3FCB97EC2C53E59600971CD9 /* Models */,
				3FCB97E12C53E57900971CD9 /* Preview Content */,
				3FCB97ED2C53E59A00971CD9 /* Services */,
				3FCB97EE2C53E59E00971CD9 /* Utils */,
			);
			path = ThreadsClone;
			sourceTree = "<group>";
		};
		3FCB97E12C53E57900971CD9 /* Preview Content */ = {
			isa = PBXGroup;
			children = (
				3FCB97E22C53E57900971CD9 /* Preview Assets.xcassets */,
			);
			path = "Preview Content";
			sourceTree = "<group>";
		};
		3FCB97E92C53E58000971CD9 /* App */ = {
			isa = PBXGroup;
			children = (
				3FCB97DB2C53E57700971CD9 /* ThreadsCloneApp.swift */,
			);
			path = App;
			sourceTree = "<group>";
		};
		3FCB97EA2C53E58600971CD9 /* Core */ = {
			isa = PBXGroup;
			children = (
				3FCB98052C55F79400971CD9 /* Activity */,
				3FCB97EF2C53E5D000971CD9 /* Authentication */,
				3F209A862C56063D00C441F5 /* Components */,
				3FCB980D2C55F80100971CD9 /* CreateThread */,
				3FCB98012C55F77800971CD9 /* Explore */,
				3FCB97FD2C55F75100971CD9 /* Feed */,
				3FCB98092C55F7D500971CD9 /* Profile */,
				3FCB97F02C53E5DD00971CD9 /* Root */,
				3FCB97FA2C54EBDB00971CD9 /* TabBar */,
			);
			path = Core;
			sourceTree = "<group>";
		};
		3FCB97EB2C53E59200971CD9 /* Extensions */ = {
			isa = PBXGroup;
			children = (
				3F7275DD2C5A00EE0075C1A9 /* PreviewProvider.swift */,
			);
			path = Extensions;
			sourceTree = "<group>";
		};
		3FCB97EC2C53E59600971CD9 /* Models */ = {
			isa = PBXGroup;
			children = (
			);
			path = Models;
			sourceTree = "<group>";
		};
		3FCB97ED2C53E59A00971CD9 /* Services */ = {
			isa = PBXGroup;
			children = (
				3F0CDD942C591B32000A498D /* UserService.swift */,
				3FB669342C5A333E000F65A0 /* ImageUploader.swift */,
			);
			path = Services;
			sourceTree = "<group>";
		};
		3FCB97EE2C53E59E00971CD9 /* Utils */ = {
			isa = PBXGroup;
			children = (
				3FCB97F62C54DAC000971CD9 /* TextFieldViewModifier.swift */,
			);
			path = Utils;
			sourceTree = "<group>";
		};
		3FCB97EF2C53E5D000971CD9 /* Authentication */ = {
			isa = PBXGroup;
			children = (
				3F833A8A2C577E0A0033E626 /* Service */,
				3F833A892C577E020033E626 /* ViewModel */,
				3FCB97F12C53E63400971CD9 /* VIews */,
			);
			path = Authentication;
			sourceTree = "<group>";
		};
		3FCB97F02C53E5DD00971CD9 /* Root */ = {
			isa = PBXGroup;
			children = (
				3F0CDD8D2C580F92000A498D /* ViewModel */,
				3F833A8F2C580E9F0033E626 /* Views */,
			);
			path = Root;
			sourceTree = "<group>";
		};
		3FCB97F12C53E63400971CD9 /* VIews */ = {
			isa = PBXGroup;
			children = (
				3FCB97F42C53E65A00971CD9 /* LoginView.swift */,
				3FCB97F82C54DB8D00971CD9 /* RegistrationView.swift */,
			);
			path = VIews;
			sourceTree = "<group>";
		};
		3FCB97FA2C54EBDB00971CD9 /* TabBar */ = {
			isa = PBXGroup;
			children = (
				3FCB97FB2C54F72500971CD9 /* TabBarView.swift */,
			);
			path = TabBar;
			sourceTree = "<group>";
		};
		3FCB97FD2C55F75100971CD9 /* Feed */ = {
			isa = PBXGroup;
			children = (
				3FCB98002C55F76F00971CD9 /* Views */,
			);
			path = Feed;
			sourceTree = "<group>";
		};
		3FCB98002C55F76F00971CD9 /* Views */ = {
			isa = PBXGroup;
			children = (
				3FCB97FE2C55F76100971CD9 /* FeedView.swift */,
				3F209A842C55FC0400C441F5 /* ThreadCell.swift */,
			);
			path = Views;
			sourceTree = "<group>";
		};
		3FCB98012C55F77800971CD9 /* Explore */ = {
			isa = PBXGroup;
			children = (
				3F0CDD992C59FE90000A498D /* ExploreViewModel */,
				3FCB98022C55F77D00971CD9 /* Views */,
			);
			path = Explore;
			sourceTree = "<group>";
		};
		3FCB98022C55F77D00971CD9 /* Views */ = {
			isa = PBXGroup;
			children = (
				3FCB98032C55F78800971CD9 /* ExploreView.swift */,
			);
			path = Views;
			sourceTree = "<group>";
		};
		3FCB98052C55F79400971CD9 /* Activity */ = {
			isa = PBXGroup;
			children = (
				3FCB98062C55F79B00971CD9 /* Views */,
			);
			path = Activity;
			sourceTree = "<group>";
		};
		3FCB98062C55F79B00971CD9 /* Views */ = {
			isa = PBXGroup;
			children = (
				3FCB98072C55F7A800971CD9 /* ActivityView.swift */,
			);
			path = Views;
			sourceTree = "<group>";
		};
		3FCB98092C55F7D500971CD9 /* Profile */ = {
			isa = PBXGroup;
			children = (
				3FB6692B2C5A109E000F65A0 /* Components */,
				3FB669262C5A0ECF000F65A0 /* CurrentUserProfileView */,
				3F833A4A2C56951D0033E626 /* EditProfile */,
				3F209A8B2C568B6700C441F5 /* Models */,
				3FCB980A2C55F7DE00971CD9 /* Views */,
			);
			path = Profile;
			sourceTree = "<group>";
		};
		3FCB980A2C55F7DE00971CD9 /* Views */ = {
			isa = PBXGroup;
			children = (
				3FCB980B2C55F7F900971CD9 /* ProfileView.swift */,
			);
			path = Views;
			sourceTree = "<group>";
		};
		3FCB980D2C55F80100971CD9 /* CreateThread */ = {
			isa = PBXGroup;
			children = (
				3FCB980E2C55F80700971CD9 /* Views */,
			);
			path = CreateThread;
			sourceTree = "<group>";
		};
		3FCB980E2C55F80700971CD9 /* Views */ = {
			isa = PBXGroup;
			children = (
				3FCB980F2C55F81400971CD9 /* CreateThreadView.swift */,
			);
			path = Views;
			sourceTree = "<group>";
		};
/* End PBXGroup section */

/* Begin PBXNativeTarget section */
		3FCB97D72C53E57700971CD9 /* ThreadsClone */ = {
			isa = PBXNativeTarget;
			buildConfigurationList = 3FCB97E62C53E57900971CD9 /* Build configuration list for PBXNativeTarget "ThreadsClone" */;
			buildPhases = (
				3FCB97D42C53E57700971CD9 /* Sources */,
				3FCB97D52C53E57700971CD9 /* Frameworks */,
				3FCB97D62C53E57700971CD9 /* Resources */,
			);
			buildRules = (
			);
			dependencies = (
			);
			name = ThreadsClone;
			packageProductDependencies = (
				3F833A512C5774DB0033E626 /* FirebaseAnalytics */,
				3F833A532C5774DB0033E626 /* FirebaseAnalyticsOnDeviceConversion */,
				3F833A552C5774DB0033E626 /* FirebaseAnalyticsSwift */,
				3F833A572C5774DB0033E626 /* FirebaseAnalyticsWithoutAdIdSupport */,
				3F833A592C5774DB0033E626 /* FirebaseAppCheck */,
				3F833A5B2C5774DB0033E626 /* FirebaseAppDistribution-Beta */,
				3F833A5D2C5774DB0033E626 /* FirebaseAuth */,
				3F833A5F2C5774DB0033E626 /* FirebaseAuthCombine-Community */,
				3F833A612C5774DB0033E626 /* FirebaseCrashlytics */,
				3F833A632C5774DB0033E626 /* FirebaseDatabase */,
				3F833A652C5774DB0033E626 /* FirebaseDatabaseSwift */,
				3F833A672C5774DB0033E626 /* FirebaseDynamicLinks */,
				3F833A692C5774DB0033E626 /* FirebaseFirestore */,
				3F833A6B2C5774DB0033E626 /* FirebaseFirestoreCombine-Community */,
				3F833A6D2C5774DB0033E626 /* FirebaseFirestoreSwift */,
				3F833A6F2C5774DB0033E626 /* FirebaseFunctions */,
				3F833A712C5774DB0033E626 /* FirebaseFunctionsCombine-Community */,
				3F833A732C5774DB0033E626 /* FirebaseInAppMessaging-Beta */,
				3F833A752C5774DB0033E626 /* FirebaseInAppMessagingSwift-Beta */,
				3F833A772C5774DB0033E626 /* FirebaseInstallations */,
				3F833A792C5774DB0033E626 /* FirebaseMLModelDownloader */,
				3F833A7B2C5774DB0033E626 /* FirebaseMessaging */,
				3F833A7D2C5774DB0033E626 /* FirebasePerformance */,
				3F833A7F2C5774DB0033E626 /* FirebaseRemoteConfig */,
				3F833A812C5774DB0033E626 /* FirebaseRemoteConfigSwift */,
				3F833A832C5774DB0033E626 /* FirebaseStorage */,
				3F833A852C5774DB0033E626 /* FirebaseStorageCombine-Community */,
				3F833A872C5774DB0033E626 /* FirebaseVertexAI-Preview */,
			);
			productName = ThreadsClone;
			productReference = 3FCB97D82C53E57700971CD9 /* ThreadsClone.app */;
			productType = "com.apple.product-type.application";
		};
/* End PBXNativeTarget section */

/* Begin PBXProject section */
		3FCB97D02C53E57700971CD9 /* Project object */ = {
			isa = PBXProject;
			attributes = {
				BuildIndependentTargetsInParallel = 1;
				LastSwiftUpdateCheck = 1520;
				LastUpgradeCheck = 1520;
				TargetAttributes = {
					3FCB97D72C53E57700971CD9 = {
						CreatedOnToolsVersion = 15.2;
					};
				};
			};
			buildConfigurationList = 3FCB97D32C53E57700971CD9 /* Build configuration list for PBXProject "ThreadsClone" */;
			compatibilityVersion = "Xcode 14.0";
			developmentRegion = en;
			hasScannedForEncodings = 0;
			knownRegions = (
				en,
				Base,
			);
			mainGroup = 3FCB97CF2C53E57700971CD9;
			packageReferences = (
				3F833A502C5774DB0033E626 /* XCRemoteSwiftPackageReference "firebase-ios-sdk" */,
			);
			productRefGroup = 3FCB97D92C53E57700971CD9 /* Products */;
			projectDirPath = "";
			projectRoot = "";
			targets = (
				3FCB97D72C53E57700971CD9 /* ThreadsClone */,
			);
		};
/* End PBXProject section */

/* Begin PBXResourcesBuildPhase section */
		3FCB97D62C53E57700971CD9 /* Resources */ = {
			isa = PBXResourcesBuildPhase;
			buildActionMask = 2147483647;
			files = (
				3FCB97E32C53E57900971CD9 /* Preview Assets.xcassets in Resources */,
				3FCB97E02C53E57900971CD9 /* Assets.xcassets in Resources */,
				3F833A4F2C5774340033E626 /* GoogleService-Info.plist in Resources */,
			);
			runOnlyForDeploymentPostprocessing = 0;
		};
/* End PBXResourcesBuildPhase section */

/* Begin PBXSourcesBuildPhase section */
		3FCB97D42C53E57700971CD9 /* Sources */ = {
			isa = PBXSourcesBuildPhase;
			buildActionMask = 2147483647;
			files = (
				3FCB97FF2C55F76100971CD9 /* FeedView.swift in Sources */,
				3F833A8C2C577E200033E626 /* RegistrationViewModel.swift in Sources */,
				3FB669332C5A3151000F65A0 /* EditProfieViewModel.swift in Sources */,
				3FCB97F52C53E65A00971CD9 /* LoginView.swift in Sources */,
				3F833A8E2C577EE10033E626 /* AuthService.swift in Sources */,
				3F7275DE2C5A00EE0075C1A9 /* PreviewProvider.swift in Sources */,
				3FCB980C2C55F7F900971CD9 /* ProfileView.swift in Sources */,
				3F0CDD912C581132000A498D /* LoginViewModel.swift in Sources */,
				3F0CDD952C591B32000A498D /* UserService.swift in Sources */,
				3F209A852C55FC0400C441F5 /* ThreadCell.swift in Sources */,
				3FB6692F2C5A1151000F65A0 /* UserContentListView.swift in Sources */,
				3F209A882C56065600C441F5 /* ProfileImageView.swift in Sources */,
				3F833A4D2C5697290033E626 /* EditProfieView.swift in Sources */,
				3FCB97F72C54DAC000971CD9 /* TextFieldViewModifier.swift in Sources */,
				3F209A8A2C56075A00C441F5 /* UserCell.swift in Sources */,
				3F7275DC2C59FF990075C1A9 /* ExploreViewModel.swift in Sources */,
				3FCB97DE2C53E57700971CD9 /* ContentView.swift in Sources */,
				3FB669352C5A333E000F65A0 /* ImageUploader.swift in Sources */,
				3F209A8D2C568BA800C441F5 /* ProfileThreadFilter.swift in Sources */,
				3F0CDD8F2C580FA8000A498D /* ContentViewModel.swift in Sources */,
				3F0CDD982C591D07000A498D /* CurrentUserProfileViewModel.swift in Sources */,
				3FCB97DC2C53E57700971CD9 /* ThreadsCloneApp.swift in Sources */,
				3FB6692A2C5A0F32000F65A0 /* CurrentUserProfileView.swift in Sources */,
				3FCB98102C55F81400971CD9 /* CreateThreadView.swift in Sources */,
				3FCB98082C55F7A800971CD9 /* ActivityView.swift in Sources */,
				3FB6692D2C5A10AC000F65A0 /* ProfileHeaderView.swift in Sources */,
				3FCB97FC2C54F72500971CD9 /* TabBarView.swift in Sources */,
				3FCB98042C55F78800971CD9 /* ExploreView.swift in Sources */,
				3FCB97F92C54DB8D00971CD9 /* RegistrationView.swift in Sources */,
				3F0CDD932C591813000A498D /* User.swift in Sources */,
			);
			runOnlyForDeploymentPostprocessing = 0;
		};
/* End PBXSourcesBuildPhase section */

/* Begin XCBuildConfiguration section */
		3FCB97E42C53E57900971CD9 /* Debug */ = {
			isa = XCBuildConfiguration;
			buildSettings = {
				ALWAYS_SEARCH_USER_PATHS = NO;
				ASSETCATALOG_COMPILER_GENERATE_SWIFT_ASSET_SYMBOL_EXTENSIONS = YES;
				CLANG_ANALYZER_NONNULL = YES;
				CLANG_ANALYZER_NUMBER_OBJECT_CONVERSION = YES_AGGRESSIVE;
				CLANG_CXX_LANGUAGE_STANDARD = "gnu++20";
				CLANG_ENABLE_MODULES = YES;
				CLANG_ENABLE_OBJC_ARC = YES;
				CLANG_ENABLE_OBJC_WEAK = YES;
				CLANG_WARN_BLOCK_CAPTURE_AUTORELEASING = YES;
				CLANG_WARN_BOOL_CONVERSION = YES;
				CLANG_WARN_COMMA = YES;
				CLANG_WARN_CONSTANT_CONVERSION = YES;
				CLANG_WARN_DEPRECATED_OBJC_IMPLEMENTATIONS = YES;
				CLANG_WARN_DIRECT_OBJC_ISA_USAGE = YES_ERROR;
				CLANG_WARN_DOCUMENTATION_COMMENTS = YES;
				CLANG_WARN_EMPTY_BODY = YES;
				CLANG_WARN_ENUM_CONVERSION = YES;
				CLANG_WARN_INFINITE_RECURSION = YES;
				CLANG_WARN_INT_CONVERSION = YES;
				CLANG_WARN_NON_LITERAL_NULL_CONVERSION = YES;
				CLANG_WARN_OBJC_IMPLICIT_RETAIN_SELF = YES;
				CLANG_WARN_OBJC_LITERAL_CONVERSION = YES;
				CLANG_WARN_OBJC_ROOT_CLASS = YES_ERROR;
				CLANG_WARN_QUOTED_INCLUDE_IN_FRAMEWORK_HEADER = YES;
				CLANG_WARN_RANGE_LOOP_ANALYSIS = YES;
				CLANG_WARN_STRICT_PROTOTYPES = YES;
				CLANG_WARN_SUSPICIOUS_MOVE = YES;
				CLANG_WARN_UNGUARDED_AVAILABILITY = YES_AGGRESSIVE;
				CLANG_WARN_UNREACHABLE_CODE = YES;
				CLANG_WARN__DUPLICATE_METHOD_MATCH = YES;
				COPY_PHASE_STRIP = NO;
				DEBUG_INFORMATION_FORMAT = dwarf;
				ENABLE_STRICT_OBJC_MSGSEND = YES;
				ENABLE_TESTABILITY = YES;
				ENABLE_USER_SCRIPT_SANDBOXING = YES;
				GCC_C_LANGUAGE_STANDARD = gnu17;
				GCC_DYNAMIC_NO_PIC = NO;
				GCC_NO_COMMON_BLOCKS = YES;
				GCC_OPTIMIZATION_LEVEL = 0;
				GCC_PREPROCESSOR_DEFINITIONS = (
					"DEBUG=1",
					"$(inherited)",
				);
				GCC_WARN_64_TO_32_BIT_CONVERSION = YES;
				GCC_WARN_ABOUT_RETURN_TYPE = YES_ERROR;
				GCC_WARN_UNDECLARED_SELECTOR = YES;
				GCC_WARN_UNINITIALIZED_AUTOS = YES_AGGRESSIVE;
				GCC_WARN_UNUSED_FUNCTION = YES;
				GCC_WARN_UNUSED_VARIABLE = YES;
				IPHONEOS_DEPLOYMENT_TARGET = 17.2;
				LOCALIZATION_PREFERS_STRING_CATALOGS = YES;
				MTL_ENABLE_DEBUG_INFO = INCLUDE_SOURCE;
				MTL_FAST_MATH = YES;
				ONLY_ACTIVE_ARCH = YES;
				SDKROOT = iphoneos;
				SWIFT_ACTIVE_COMPILATION_CONDITIONS = "DEBUG $(inherited)";
				SWIFT_OPTIMIZATION_LEVEL = "-Onone";
			};
			name = Debug;
		};
		3FCB97E52C53E57900971CD9 /* Release */ = {
			isa = XCBuildConfiguration;
			buildSettings = {
				ALWAYS_SEARCH_USER_PATHS = NO;
				ASSETCATALOG_COMPILER_GENERATE_SWIFT_ASSET_SYMBOL_EXTENSIONS = YES;
				CLANG_ANALYZER_NONNULL = YES;
				CLANG_ANALYZER_NUMBER_OBJECT_CONVERSION = YES_AGGRESSIVE;
				CLANG_CXX_LANGUAGE_STANDARD = "gnu++20";
				CLANG_ENABLE_MODULES = YES;
				CLANG_ENABLE_OBJC_ARC = YES;
				CLANG_ENABLE_OBJC_WEAK = YES;
				CLANG_WARN_BLOCK_CAPTURE_AUTORELEASING = YES;
				CLANG_WARN_BOOL_CONVERSION = YES;
				CLANG_WARN_COMMA = YES;
				CLANG_WARN_CONSTANT_CONVERSION = YES;
				CLANG_WARN_DEPRECATED_OBJC_IMPLEMENTATIONS = YES;
				CLANG_WARN_DIRECT_OBJC_ISA_USAGE = YES_ERROR;
				CLANG_WARN_DOCUMENTATION_COMMENTS = YES;
				CLANG_WARN_EMPTY_BODY = YES;
				CLANG_WARN_ENUM_CONVERSION = YES;
				CLANG_WARN_INFINITE_RECURSION = YES;
				CLANG_WARN_INT_CONVERSION = YES;
				CLANG_WARN_NON_LITERAL_NULL_CONVERSION = YES;
				CLANG_WARN_OBJC_IMPLICIT_RETAIN_SELF = YES;
				CLANG_WARN_OBJC_LITERAL_CONVERSION = YES;
				CLANG_WARN_OBJC_ROOT_CLASS = YES_ERROR;
				CLANG_WARN_QUOTED_INCLUDE_IN_FRAMEWORK_HEADER = YES;
				CLANG_WARN_RANGE_LOOP_ANALYSIS = YES;
				CLANG_WARN_STRICT_PROTOTYPES = YES;
				CLANG_WARN_SUSPICIOUS_MOVE = YES;
				CLANG_WARN_UNGUARDED_AVAILABILITY = YES_AGGRESSIVE;
				CLANG_WARN_UNREACHABLE_CODE = YES;
				CLANG_WARN__DUPLICATE_METHOD_MATCH = YES;
				COPY_PHASE_STRIP = NO;
				DEBUG_INFORMATION_FORMAT = "dwarf-with-dsym";
				ENABLE_NS_ASSERTIONS = NO;
				ENABLE_STRICT_OBJC_MSGSEND = YES;
				ENABLE_USER_SCRIPT_SANDBOXING = YES;
				GCC_C_LANGUAGE_STANDARD = gnu17;
				GCC_NO_COMMON_BLOCKS = YES;
				GCC_WARN_64_TO_32_BIT_CONVERSION = YES;
				GCC_WARN_ABOUT_RETURN_TYPE = YES_ERROR;
				GCC_WARN_UNDECLARED_SELECTOR = YES;
				GCC_WARN_UNINITIALIZED_AUTOS = YES_AGGRESSIVE;
				GCC_WARN_UNUSED_FUNCTION = YES;
				GCC_WARN_UNUSED_VARIABLE = YES;
				IPHONEOS_DEPLOYMENT_TARGET = 17.2;
				LOCALIZATION_PREFERS_STRING_CATALOGS = YES;
				MTL_ENABLE_DEBUG_INFO = NO;
				MTL_FAST_MATH = YES;
				SDKROOT = iphoneos;
				SWIFT_COMPILATION_MODE = wholemodule;
				VALIDATE_PRODUCT = YES;
			};
			name = Release;
		};
		3FCB97E72C53E57900971CD9 /* Debug */ = {
			isa = XCBuildConfiguration;
			buildSettings = {
				ASSETCATALOG_COMPILER_APPICON_NAME = AppIcon;
				ASSETCATALOG_COMPILER_GLOBAL_ACCENT_COLOR_NAME = AccentColor;
				CODE_SIGN_STYLE = Automatic;
				CURRENT_PROJECT_VERSION = 1;
				DEVELOPMENT_ASSET_PATHS = "\"ThreadsClone/Preview Content\"";
				DEVELOPMENT_TEAM = RHJ877LGY2;
				ENABLE_PREVIEWS = YES;
				GENERATE_INFOPLIST_FILE = YES;
				INFOPLIST_KEY_UIApplicationSceneManifest_Generation = YES;
				INFOPLIST_KEY_UIApplicationSupportsIndirectInputEvents = YES;
				INFOPLIST_KEY_UILaunchScreen_Generation = YES;
				INFOPLIST_KEY_UISupportedInterfaceOrientations_iPad = "UIInterfaceOrientationPortrait UIInterfaceOrientationPortraitUpsideDown UIInterfaceOrientationLandscapeLeft UIInterfaceOrientationLandscapeRight";
				INFOPLIST_KEY_UISupportedInterfaceOrientations_iPhone = "UIInterfaceOrientationPortrait UIInterfaceOrientationLandscapeLeft UIInterfaceOrientationLandscapeRight";
				LD_RUNPATH_SEARCH_PATHS = (
					"$(inherited)",
					"@executable_path/Frameworks",
				);
				MARKETING_VERSION = 1.0;
				PRODUCT_BUNDLE_IDENTIFIER = com.dias.ThreadsClone;
				PRODUCT_NAME = "$(TARGET_NAME)";
				SWIFT_EMIT_LOC_STRINGS = YES;
				SWIFT_VERSION = 5.0;
				TARGETED_DEVICE_FAMILY = "1,2";
			};
			name = Debug;
		};
		3FCB97E82C53E57900971CD9 /* Release */ = {
			isa = XCBuildConfiguration;
			buildSettings = {
				ASSETCATALOG_COMPILER_APPICON_NAME = AppIcon;
				ASSETCATALOG_COMPILER_GLOBAL_ACCENT_COLOR_NAME = AccentColor;
				CODE_SIGN_STYLE = Automatic;
				CURRENT_PROJECT_VERSION = 1;
				DEVELOPMENT_ASSET_PATHS = "\"ThreadsClone/Preview Content\"";
				DEVELOPMENT_TEAM = RHJ877LGY2;
				ENABLE_PREVIEWS = YES;
				GENERATE_INFOPLIST_FILE = YES;
				INFOPLIST_KEY_UIApplicationSceneManifest_Generation = YES;
				INFOPLIST_KEY_UIApplicationSupportsIndirectInputEvents = YES;
				INFOPLIST_KEY_UILaunchScreen_Generation = YES;
				INFOPLIST_KEY_UISupportedInterfaceOrientations_iPad = "UIInterfaceOrientationPortrait UIInterfaceOrientationPortraitUpsideDown UIInterfaceOrientationLandscapeLeft UIInterfaceOrientationLandscapeRight";
				INFOPLIST_KEY_UISupportedInterfaceOrientations_iPhone = "UIInterfaceOrientationPortrait UIInterfaceOrientationLandscapeLeft UIInterfaceOrientationLandscapeRight";
				LD_RUNPATH_SEARCH_PATHS = (
					"$(inherited)",
					"@executable_path/Frameworks",
				);
				MARKETING_VERSION = 1.0;
				PRODUCT_BUNDLE_IDENTIFIER = com.dias.ThreadsClone;
				PRODUCT_NAME = "$(TARGET_NAME)";
				SWIFT_EMIT_LOC_STRINGS = YES;
				SWIFT_VERSION = 5.0;
				TARGETED_DEVICE_FAMILY = "1,2";
			};
			name = Release;
		};
/* End XCBuildConfiguration section */

/* Begin XCConfigurationList section */
		3FCB97D32C53E57700971CD9 /* Build configuration list for PBXProject "ThreadsClone" */ = {
			isa = XCConfigurationList;
			buildConfigurations = (
				3FCB97E42C53E57900971CD9 /* Debug */,
				3FCB97E52C53E57900971CD9 /* Release */,
			);
			defaultConfigurationIsVisible = 0;
			defaultConfigurationName = Release;
		};
		3FCB97E62C53E57900971CD9 /* Build configuration list for PBXNativeTarget "ThreadsClone" */ = {
			isa = XCConfigurationList;
			buildConfigurations = (
				3FCB97E72C53E57900971CD9 /* Debug */,
				3FCB97E82C53E57900971CD9 /* Release */,
			);
			defaultConfigurationIsVisible = 0;
			defaultConfigurationName = Release;
		};
/* End XCConfigurationList section */

/* Begin XCRemoteSwiftPackageReference section */
		3F833A502C5774DB0033E626 /* XCRemoteSwiftPackageReference "firebase-ios-sdk" */ = {
			isa = XCRemoteSwiftPackageReference;
			repositoryURL = "https://github.com/firebase/firebase-ios-sdk";
			requirement = {
				kind = upToNextMajorVersion;
				minimumVersion = 10.29.0;
			};
		};
/* End XCRemoteSwiftPackageReference section */

/* Begin XCSwiftPackageProductDependency section */
		3F833A512C5774DB0033E626 /* FirebaseAnalytics */ = {
			isa = XCSwiftPackageProductDependency;
			package = 3F833A502C5774DB0033E626 /* XCRemoteSwiftPackageReference "firebase-ios-sdk" */;
			productName = FirebaseAnalytics;
		};
		3F833A532C5774DB0033E626 /* FirebaseAnalyticsOnDeviceConversion */ = {
			isa = XCSwiftPackageProductDependency;
			package = 3F833A502C5774DB0033E626 /* XCRemoteSwiftPackageReference "firebase-ios-sdk" */;
			productName = FirebaseAnalyticsOnDeviceConversion;
		};
		3F833A552C5774DB0033E626 /* FirebaseAnalyticsSwift */ = {
			isa = XCSwiftPackageProductDependency;
			package = 3F833A502C5774DB0033E626 /* XCRemoteSwiftPackageReference "firebase-ios-sdk" */;
			productName = FirebaseAnalyticsSwift;
		};
		3F833A572C5774DB0033E626 /* FirebaseAnalyticsWithoutAdIdSupport */ = {
			isa = XCSwiftPackageProductDependency;
			package = 3F833A502C5774DB0033E626 /* XCRemoteSwiftPackageReference "firebase-ios-sdk" */;
			productName = FirebaseAnalyticsWithoutAdIdSupport;
		};
		3F833A592C5774DB0033E626 /* FirebaseAppCheck */ = {
			isa = XCSwiftPackageProductDependency;
			package = 3F833A502C5774DB0033E626 /* XCRemoteSwiftPackageReference "firebase-ios-sdk" */;
			productName = FirebaseAppCheck;
		};
		3F833A5B2C5774DB0033E626 /* FirebaseAppDistribution-Beta */ = {
			isa = XCSwiftPackageProductDependency;
			package = 3F833A502C5774DB0033E626 /* XCRemoteSwiftPackageReference "firebase-ios-sdk" */;
			productName = "FirebaseAppDistribution-Beta";
		};
		3F833A5D2C5774DB0033E626 /* FirebaseAuth */ = {
			isa = XCSwiftPackageProductDependency;
			package = 3F833A502C5774DB0033E626 /* XCRemoteSwiftPackageReference "firebase-ios-sdk" */;
			productName = FirebaseAuth;
		};
		3F833A5F2C5774DB0033E626 /* FirebaseAuthCombine-Community */ = {
			isa = XCSwiftPackageProductDependency;
			package = 3F833A502C5774DB0033E626 /* XCRemoteSwiftPackageReference "firebase-ios-sdk" */;
			productName = "FirebaseAuthCombine-Community";
		};
		3F833A612C5774DB0033E626 /* FirebaseCrashlytics */ = {
			isa = XCSwiftPackageProductDependency;
			package = 3F833A502C5774DB0033E626 /* XCRemoteSwiftPackageReference "firebase-ios-sdk" */;
			productName = FirebaseCrashlytics;
		};
		3F833A632C5774DB0033E626 /* FirebaseDatabase */ = {
			isa = XCSwiftPackageProductDependency;
			package = 3F833A502C5774DB0033E626 /* XCRemoteSwiftPackageReference "firebase-ios-sdk" */;
			productName = FirebaseDatabase;
		};
		3F833A652C5774DB0033E626 /* FirebaseDatabaseSwift */ = {
			isa = XCSwiftPackageProductDependency;
			package = 3F833A502C5774DB0033E626 /* XCRemoteSwiftPackageReference "firebase-ios-sdk" */;
			productName = FirebaseDatabaseSwift;
		};
		3F833A672C5774DB0033E626 /* FirebaseDynamicLinks */ = {
			isa = XCSwiftPackageProductDependency;
			package = 3F833A502C5774DB0033E626 /* XCRemoteSwiftPackageReference "firebase-ios-sdk" */;
			productName = FirebaseDynamicLinks;
		};
		3F833A692C5774DB0033E626 /* FirebaseFirestore */ = {
			isa = XCSwiftPackageProductDependency;
			package = 3F833A502C5774DB0033E626 /* XCRemoteSwiftPackageReference "firebase-ios-sdk" */;
			productName = FirebaseFirestore;
		};
		3F833A6B2C5774DB0033E626 /* FirebaseFirestoreCombine-Community */ = {
			isa = XCSwiftPackageProductDependency;
			package = 3F833A502C5774DB0033E626 /* XCRemoteSwiftPackageReference "firebase-ios-sdk" */;
			productName = "FirebaseFirestoreCombine-Community";
		};
		3F833A6D2C5774DB0033E626 /* FirebaseFirestoreSwift */ = {
			isa = XCSwiftPackageProductDependency;
			package = 3F833A502C5774DB0033E626 /* XCRemoteSwiftPackageReference "firebase-ios-sdk" */;
			productName = FirebaseFirestoreSwift;
		};
		3F833A6F2C5774DB0033E626 /* FirebaseFunctions */ = {
			isa = XCSwiftPackageProductDependency;
			package = 3F833A502C5774DB0033E626 /* XCRemoteSwiftPackageReference "firebase-ios-sdk" */;
			productName = FirebaseFunctions;
		};
		3F833A712C5774DB0033E626 /* FirebaseFunctionsCombine-Community */ = {
			isa = XCSwiftPackageProductDependency;
			package = 3F833A502C5774DB0033E626 /* XCRemoteSwiftPackageReference "firebase-ios-sdk" */;
			productName = "FirebaseFunctionsCombine-Community";
		};
		3F833A732C5774DB0033E626 /* FirebaseInAppMessaging-Beta */ = {
			isa = XCSwiftPackageProductDependency;
			package = 3F833A502C5774DB0033E626 /* XCRemoteSwiftPackageReference "firebase-ios-sdk" */;
			productName = "FirebaseInAppMessaging-Beta";
		};
		3F833A752C5774DB0033E626 /* FirebaseInAppMessagingSwift-Beta */ = {
			isa = XCSwiftPackageProductDependency;
			package = 3F833A502C5774DB0033E626 /* XCRemoteSwiftPackageReference "firebase-ios-sdk" */;
			productName = "FirebaseInAppMessagingSwift-Beta";
		};
		3F833A772C5774DB0033E626 /* FirebaseInstallations */ = {
			isa = XCSwiftPackageProductDependency;
			package = 3F833A502C5774DB0033E626 /* XCRemoteSwiftPackageReference "firebase-ios-sdk" */;
			productName = FirebaseInstallations;
		};
		3F833A792C5774DB0033E626 /* FirebaseMLModelDownloader */ = {
			isa = XCSwiftPackageProductDependency;
			package = 3F833A502C5774DB0033E626 /* XCRemoteSwiftPackageReference "firebase-ios-sdk" */;
			productName = FirebaseMLModelDownloader;
		};
		3F833A7B2C5774DB0033E626 /* FirebaseMessaging */ = {
			isa = XCSwiftPackageProductDependency;
			package = 3F833A502C5774DB0033E626 /* XCRemoteSwiftPackageReference "firebase-ios-sdk" */;
			productName = FirebaseMessaging;
		};
		3F833A7D2C5774DB0033E626 /* FirebasePerformance */ = {
			isa = XCSwiftPackageProductDependency;
			package = 3F833A502C5774DB0033E626 /* XCRemoteSwiftPackageReference "firebase-ios-sdk" */;
			productName = FirebasePerformance;
		};
		3F833A7F2C5774DB0033E626 /* FirebaseRemoteConfig */ = {
			isa = XCSwiftPackageProductDependency;
			package = 3F833A502C5774DB0033E626 /* XCRemoteSwiftPackageReference "firebase-ios-sdk" */;
			productName = FirebaseRemoteConfig;
		};
		3F833A812C5774DB0033E626 /* FirebaseRemoteConfigSwift */ = {
			isa = XCSwiftPackageProductDependency;
			package = 3F833A502C5774DB0033E626 /* XCRemoteSwiftPackageReference "firebase-ios-sdk" */;
			productName = FirebaseRemoteConfigSwift;
		};
		3F833A832C5774DB0033E626 /* FirebaseStorage */ = {
			isa = XCSwiftPackageProductDependency;
			package = 3F833A502C5774DB0033E626 /* XCRemoteSwiftPackageReference "firebase-ios-sdk" */;
			productName = FirebaseStorage;
		};
		3F833A852C5774DB0033E626 /* FirebaseStorageCombine-Community */ = {
			isa = XCSwiftPackageProductDependency;
			package = 3F833A502C5774DB0033E626 /* XCRemoteSwiftPackageReference "firebase-ios-sdk" */;
			productName = "FirebaseStorageCombine-Community";
		};
		3F833A872C5774DB0033E626 /* FirebaseVertexAI-Preview */ = {
			isa = XCSwiftPackageProductDependency;
			package = 3F833A502C5774DB0033E626 /* XCRemoteSwiftPackageReference "firebase-ios-sdk" */;
			productName = "FirebaseVertexAI-Preview";
		};
/* End XCSwiftPackageProductDependency section */
	};
	rootObject = 3FCB97D02C53E57700971CD9 /* Project object */;
}
